// !$*UTF8*$!
{
	archiveVersion = 1;
	classes = {
	};
	objectVersion = 46;
	objects = {

/* Begin PBXBuildFile section */
		CC1861A11B3DA53600DC728A /* SOAnimal.m in Sources */ = {isa = PBXBuildFile; fileRef = CC1861931B3DA53600DC728A /* SOAnimal.m */; };
		CC1861A21B3DA53600DC728A /* SODog.m in Sources */ = {isa = PBXBuildFile; fileRef = CC1861951B3DA53600DC728A /* SODog.m */; };
		CC1861A31B3DA53600DC728A /* SORabbit.m in Sources */ = {isa = PBXBuildFile; fileRef = CC1861971B3DA53600DC728A /* SORabbit.m */; };
		CC1861A41B3DA53600DC728A /* SOBicycler.m in Sources */ = {isa = PBXBuildFile; fileRef = CC18619A1B3DA53600DC728A /* SOBicycler.m */; };
		CC1861A51B3DA53600DC728A /* SOHuman.m in Sources */ = {isa = PBXBuildFile; fileRef = CC18619C1B3DA53600DC728A /* SOHuman.m */; };
		CC1861A61B3DA53600DC728A /* SORunner.m in Sources */ = {isa = PBXBuildFile; fileRef = CC18619E1B3DA53600DC728A /* SORunner.m */; };
		CC1861A71B3DA53600DC728A /* SOSwimmer.m in Sources */ = {isa = PBXBuildFile; fileRef = CC1861A01B3DA53600DC728A /* SOSwimmer.m */; };
		CC1861A91B3DB8F200DC728A /* gitignore in Resources */ = {isa = PBXBuildFile; fileRef = CC1861A81B3DB8F200DC728A /* gitignore */; };
		CCF5ABD01B371B27004E3A31 /* main.m in Sources */ = {isa = PBXBuildFile; fileRef = CCF5ABCF1B371B27004E3A31 /* main.m */; };
		CCF5ABD31B371B27004E3A31 /* AppDelegate.m in Sources */ = {isa = PBXBuildFile; fileRef = CCF5ABD21B371B27004E3A31 /* AppDelegate.m */; };
		CCF5ABD61B371B27004E3A31 /* ViewController.m in Sources */ = {isa = PBXBuildFile; fileRef = CCF5ABD51B371B27004E3A31 /* ViewController.m */; };
		CCF5ABD91B371B27004E3A31 /* Main.storyboard in Resources */ = {isa = PBXBuildFile; fileRef = CCF5ABD71B371B27004E3A31 /* Main.storyboard */; };
		CCF5ABDB1B371B27004E3A31 /* Images.xcassets in Resources */ = {isa = PBXBuildFile; fileRef = CCF5ABDA1B371B27004E3A31 /* Images.xcassets */; };
		CCF5ABDE1B371B27004E3A31 /* LaunchScreen.xib in Resources */ = {isa = PBXBuildFile; fileRef = CCF5ABDC1B371B27004E3A31 /* LaunchScreen.xib */; };
		CCF5ABEA1B371B27004E3A31 /* SOProtocols_Lesson7_Tests.m in Sources */ = {isa = PBXBuildFile; fileRef = CCF5ABE91B371B27004E3A31 /* SOProtocols_Lesson7_Tests.m */; };
		CCF5ABF71B371BB6004E3A31 /* UIKit.framework in Frameworks */ = {isa = PBXBuildFile; fileRef = CCF5ABF61B371BB6004E3A31 /* UIKit.framework */; };
/* End PBXBuildFile section */

/* Begin PBXContainerItemProxy section */
		CCF5ABE41B371B27004E3A31 /* PBXContainerItemProxy */ = {
			isa = PBXContainerItemProxy;
			containerPortal = CCF5ABC21B371B27004E3A31 /* Project object */;
			proxyType = 1;
			remoteGlobalIDString = CCF5ABC91B371B27004E3A31;
			remoteInfo = "SOProtocols(Lesson7)";
		};
/* End PBXContainerItemProxy section */

/* Begin PBXFileReference section */
		CC1861921B3DA53600DC728A /* SOAnimal.h */ = {isa = PBXFileReference; fileEncoding = 4; lastKnownFileType = sourcecode.c.h; path = SOAnimal.h; sourceTree = "<group>"; };
		CC1861931B3DA53600DC728A /* SOAnimal.m */ = {isa = PBXFileReference; fileEncoding = 4; lastKnownFileType = sourcecode.c.objc; path = SOAnimal.m; sourceTree = "<group>"; };
		CC1861941B3DA53600DC728A /* SODog.h */ = {isa = PBXFileReference; fileEncoding = 4; lastKnownFileType = sourcecode.c.h; path = SODog.h; sourceTree = "<group>"; };
		CC1861951B3DA53600DC728A /* SODog.m */ = {isa = PBXFileReference; fileEncoding = 4; lastKnownFileType = sourcecode.c.objc; path = SODog.m; sourceTree = "<group>"; };
		CC1861961B3DA53600DC728A /* SORabbit.h */ = {isa = PBXFileReference; fileEncoding = 4; lastKnownFileType = sourcecode.c.h; path = SORabbit.h; sourceTree = "<group>"; };
		CC1861971B3DA53600DC728A /* SORabbit.m */ = {isa = PBXFileReference; fileEncoding = 4; lastKnownFileType = sourcecode.c.objc; path = SORabbit.m; sourceTree = "<group>"; };
		CC1861991B3DA53600DC728A /* SOBicycler.h */ = {isa = PBXFileReference; fileEncoding = 4; lastKnownFileType = sourcecode.c.h; path = SOBicycler.h; sourceTree = "<group>"; };
		CC18619A1B3DA53600DC728A /* SOBicycler.m */ = {isa = PBXFileReference; fileEncoding = 4; lastKnownFileType = sourcecode.c.objc; path = SOBicycler.m; sourceTree = "<group>"; };
		CC18619B1B3DA53600DC728A /* SOHuman.h */ = {isa = PBXFileReference; fileEncoding = 4; lastKnownFileType = sourcecode.c.h; path = SOHuman.h; sourceTree = "<group>"; };
		CC18619C1B3DA53600DC728A /* SOHuman.m */ = {isa = PBXFileReference; fileEncoding = 4; lastKnownFileType = sourcecode.c.objc; path = SOHuman.m; sourceTree = "<group>"; };
		CC18619D1B3DA53600DC728A /* SORunner.h */ = {isa = PBXFileReference; fileEncoding = 4; lastKnownFileType = sourcecode.c.h; path = SORunner.h; sourceTree = "<group>"; };
		CC18619E1B3DA53600DC728A /* SORunner.m */ = {isa = PBXFileReference; fileEncoding = 4; lastKnownFileType = sourcecode.c.objc; path = SORunner.m; sourceTree = "<group>"; };
		CC18619F1B3DA53600DC728A /* SOSwimmer.h */ = {isa = PBXFileReference; fileEncoding = 4; lastKnownFileType = sourcecode.c.h; path = SOSwimmer.h; sourceTree = "<group>"; };
		CC1861A01B3DA53600DC728A /* SOSwimmer.m */ = {isa = PBXFileReference; fileEncoding = 4; lastKnownFileType = sourcecode.c.objc; path = SOSwimmer.m; sourceTree = "<group>"; };
		CC1861A81B3DB8F200DC728A /* gitignore */ = {isa = PBXFileReference; fileEncoding = 4; lastKnownFileType = text; path = gitignore; sourceTree = SOURCE_ROOT; };
		CCF5ABCA1B371B27004E3A31 /* SOProtocols(Lesson7).app */ = {isa = PBXFileReference; explicitFileType = wrapper.application; includeInIndex = 0; path = "SOProtocols(Lesson7).app"; sourceTree = BUILT_PRODUCTS_DIR; };
		CCF5ABCE1B371B27004E3A31 /* Info.plist */ = {isa = PBXFileReference; lastKnownFileType = text.plist.xml; path = Info.plist; sourceTree = "<group>"; };
		CCF5ABCF1B371B27004E3A31 /* main.m */ = {isa = PBXFileReference; lastKnownFileType = sourcecode.c.objc; path = main.m; sourceTree = "<group>"; };
		CCF5ABD11B371B27004E3A31 /* AppDelegate.h */ = {isa = PBXFileReference; lastKnownFileType = sourcecode.c.h; path = AppDelegate.h; sourceTree = "<group>"; };
		CCF5ABD21B371B27004E3A31 /* AppDelegate.m */ = {isa = PBXFileReference; lastKnownFileType = sourcecode.c.objc; path = AppDelegate.m; sourceTree = "<group>"; };
		CCF5ABD41B371B27004E3A31 /* ViewController.h */ = {isa = PBXFileReference; lastKnownFileType = sourcecode.c.h; path = ViewController.h; sourceTree = "<group>"; };
		CCF5ABD51B371B27004E3A31 /* ViewController.m */ = {isa = PBXFileReference; lastKnownFileType = sourcecode.c.objc; path = ViewController.m; sourceTree = "<group>"; };
		CCF5ABD81B371B27004E3A31 /* Base */ = {isa = PBXFileReference; lastKnownFileType = file.storyboard; name = Base; path = Base.lproj/Main.storyboard; sourceTree = "<group>"; };
		CCF5ABDA1B371B27004E3A31 /* Images.xcassets */ = {isa = PBXFileReference; lastKnownFileType = folder.assetcatalog; path = Images.xcassets; sourceTree = "<group>"; };
		CCF5ABDD1B371B27004E3A31 /* Base */ = {isa = PBXFileReference; lastKnownFileType = file.xib; name = Base; path = Base.lproj/LaunchScreen.xib; sourceTree = "<group>"; };
		CCF5ABE31B371B27004E3A31 /* SOProtocols(Lesson7)Tests.xctest */ = {isa = PBXFileReference; explicitFileType = wrapper.cfbundle; includeInIndex = 0; path = "SOProtocols(Lesson7)Tests.xctest"; sourceTree = BUILT_PRODUCTS_DIR; };
		CCF5ABE81B371B27004E3A31 /* Info.plist */ = {isa = PBXFileReference; lastKnownFileType = text.plist.xml; path = Info.plist; sourceTree = "<group>"; };
		CCF5ABE91B371B27004E3A31 /* SOProtocols_Lesson7_Tests.m */ = {isa = PBXFileReference; lastKnownFileType = sourcecode.c.objc; path = SOProtocols_Lesson7_Tests.m; sourceTree = "<group>"; };
		CCF5ABF31B371B66004E3A31 /* Jumpers.h */ = {isa = PBXFileReference; fileEncoding = 4; lastKnownFileType = sourcecode.c.h; path = Jumpers.h; sourceTree = "<group>"; };
		CCF5ABF41B371B78004E3A31 /* Swimmers.h */ = {isa = PBXFileReference; fileEncoding = 4; lastKnownFileType = sourcecode.c.h; path = Swimmers.h; sourceTree = "<group>"; };
		CCF5ABF51B371B90004E3A31 /* Runners.h */ = {isa = PBXFileReference; fileEncoding = 4; lastKnownFileType = sourcecode.c.h; path = Runners.h; sourceTree = "<group>"; };
		CCF5ABF61B371BB6004E3A31 /* UIKit.framework */ = {isa = PBXFileReference; lastKnownFileType = wrapper.framework; name = UIKit.framework; path = System/Library/Frameworks/UIKit.framework; sourceTree = SDKROOT; };
/* End PBXFileReference section */

/* Begin PBXFrameworksBuildPhase section */
		CCF5ABC71B371B27004E3A31 /* Frameworks */ = {
			isa = PBXFrameworksBuildPhase;
			buildActionMask = 2147483647;
			files = (
				CCF5ABF71B371BB6004E3A31 /* UIKit.framework in Frameworks */,
			);
			runOnlyForDeploymentPostprocessing = 0;
		};
		CCF5ABE01B371B27004E3A31 /* Frameworks */ = {
			isa = PBXFrameworksBuildPhase;
			buildActionMask = 2147483647;
			files = (
			);
			runOnlyForDeploymentPostprocessing = 0;
		};
/* End PBXFrameworksBuildPhase section */

/* Begin PBXGroup section */
		CC1861911B3DA53600DC728A /* Animals */ = {
			isa = PBXGroup;
			children = (
				CC1861921B3DA53600DC728A /* SOAnimal.h */,
				CC1861931B3DA53600DC728A /* SOAnimal.m */,
				CC1861941B3DA53600DC728A /* SODog.h */,
				CC1861951B3DA53600DC728A /* SODog.m */,
				CC1861961B3DA53600DC728A /* SORabbit.h */,
				CC1861971B3DA53600DC728A /* SORabbit.m */,
			);
			path = Animals;
			sourceTree = "<group>";
		};
		CC1861981B3DA53600DC728A /* Humans */ = {
			isa = PBXGroup;
			children = (
				CC1861991B3DA53600DC728A /* SOBicycler.h */,
				CC18619A1B3DA53600DC728A /* SOBicycler.m */,
				CC18619B1B3DA53600DC728A /* SOHuman.h */,
				CC18619C1B3DA53600DC728A /* SOHuman.m */,
				CC18619D1B3DA53600DC728A /* SORunner.h */,
				CC18619E1B3DA53600DC728A /* SORunner.m */,
				CC18619F1B3DA53600DC728A /* SOSwimmer.h */,
				CC1861A01B3DA53600DC728A /* SOSwimmer.m */,
			);
			path = Humans;
			sourceTree = "<group>";
		};
		CCF5ABC11B371B27004E3A31 = {
			isa = PBXGroup;
			children = (
				CC1861911B3DA53600DC728A /* Animals */,
				CC1861981B3DA53600DC728A /* Humans */,
				CCF5ABF61B371BB6004E3A31 /* UIKit.framework */,
				CCF5ABCC1B371B27004E3A31 /* SOProtocols(Lesson7) */,
				CCF5ABE61B371B27004E3A31 /* SOProtocols(Lesson7)Tests */,
				CCF5ABCB1B371B27004E3A31 /* Products */,
			);
			sourceTree = "<group>";
		};
		CCF5ABCB1B371B27004E3A31 /* Products */ = {
			isa = PBXGroup;
			children = (
				CCF5ABCA1B371B27004E3A31 /* SOProtocols(Lesson7).app */,
				CCF5ABE31B371B27004E3A31 /* SOProtocols(Lesson7)Tests.xctest */,
			);
			name = Products;
			sourceTree = "<group>";
		};
		CCF5ABCC1B371B27004E3A31 /* SOProtocols(Lesson7) */ = {
			isa = PBXGroup;
			children = (
				CCF5ABD11B371B27004E3A31 /* AppDelegate.h */,
				CCF5ABD21B371B27004E3A31 /* AppDelegate.m */,
				CCF5ABD41B371B27004E3A31 /* ViewController.h */,
				CCF5ABD51B371B27004E3A31 /* ViewController.m */,
				CCF5ABD71B371B27004E3A31 /* Main.storyboard */,
				CCF5ABDA1B371B27004E3A31 /* Images.xcassets */,
				CCF5ABDC1B371B27004E3A31 /* LaunchScreen.xib */,
				CCF5ABCD1B371B27004E3A31 /* Supporting Files */,
				CCF5ABF31B371B66004E3A31 /* Jumpers.h */,
				CCF5ABF41B371B78004E3A31 /* Swimmers.h */,
				CCF5ABF51B371B90004E3A31 /* Runners.h */,
			);
			path = "SOProtocols(Lesson7)";
			sourceTree = "<group>";
		};
		CCF5ABCD1B371B27004E3A31 /* Supporting Files */ = {
			isa = PBXGroup;
			children = (
				CC1861A81B3DB8F200DC728A /* gitignore */,
				CCF5ABCE1B371B27004E3A31 /* Info.plist */,
				CCF5ABCF1B371B27004E3A31 /* main.m */,
			);
			name = "Supporting Files";
			sourceTree = "<group>";
		};
		CCF5ABE61B371B27004E3A31 /* SOProtocols(Lesson7)Tests */ = {
			isa = PBXGroup;
			children = (
				CCF5ABE91B371B27004E3A31 /* SOProtocols_Lesson7_Tests.m */,
				CCF5ABE71B371B27004E3A31 /* Supporting Files */,
			);
			path = "SOProtocols(Lesson7)Tests";
			sourceTree = "<group>";
		};
		CCF5ABE71B371B27004E3A31 /* Supporting Files */ = {
			isa = PBXGroup;
			children = (
				CCF5ABE81B371B27004E3A31 /* Info.plist */,
			);
			name = "Supporting Files";
			sourceTree = "<group>";
		};
/* End PBXGroup section */

/* Begin PBXNativeTarget section */
		CCF5ABC91B371B27004E3A31 /* SOProtocols(Lesson7) */ = {
			isa = PBXNativeTarget;
			buildConfigurationList = CCF5ABED1B371B27004E3A31 /* Build configuration list for PBXNativeTarget "SOProtocols(Lesson7)" */;
			buildPhases = (
				CCF5ABC61B371B27004E3A31 /* Sources */,
				CCF5ABC71B371B27004E3A31 /* Frameworks */,
				CCF5ABC81B371B27004E3A31 /* Resources */,
			);
			buildRules = (
			);
			dependencies = (
			);
			name = "SOProtocols(Lesson7)";
			productName = "SOProtocols(Lesson7)";
			productReference = CCF5ABCA1B371B27004E3A31 /* SOProtocols(Lesson7).app */;
			productType = "com.apple.product-type.application";
		};
		CCF5ABE21B371B27004E3A31 /* SOProtocols(Lesson7)Tests */ = {
			isa = PBXNativeTarget;
			buildConfigurationList = CCF5ABF01B371B27004E3A31 /* Build configuration list for PBXNativeTarget "SOProtocols(Lesson7)Tests" */;
			buildPhases = (
				CCF5ABDF1B371B27004E3A31 /* Sources */,
				CCF5ABE01B371B27004E3A31 /* Frameworks */,
				CCF5ABE11B371B27004E3A31 /* Resources */,
			);
			buildRules = (
			);
			dependencies = (
				CCF5ABE51B371B27004E3A31 /* PBXTargetDependency */,
			);
			name = "SOProtocols(Lesson7)Tests";
			productName = "SOProtocols(Lesson7)Tests";
			productReference = CCF5ABE31B371B27004E3A31 /* SOProtocols(Lesson7)Tests.xctest */;
			productType = "com.apple.product-type.bundle.unit-test";
		};
/* End PBXNativeTarget section */

/* Begin PBXProject section */
		CCF5ABC21B371B27004E3A31 /* Project object */ = {
			isa = PBXProject;
			attributes = {
				LastUpgradeCheck = 0630;
				ORGANIZATIONNAME = Sergey;
				TargetAttributes = {
					CCF5ABC91B371B27004E3A31 = {
						CreatedOnToolsVersion = 6.3.2;
					};
					CCF5ABE21B371B27004E3A31 = {
						CreatedOnToolsVersion = 6.3.2;
						TestTargetID = CCF5ABC91B371B27004E3A31;
					};
				};
			};
			buildConfigurationList = CCF5ABC51B371B27004E3A31 /* Build configuration list for PBXProject "SOProtocols(Lesson7)" */;
			compatibilityVersion = "Xcode 3.2";
			developmentRegion = English;
			hasScannedForEncodings = 0;
			knownRegions = (
				en,
				Base,
			);
			mainGroup = CCF5ABC11B371B27004E3A31;
			productRefGroup = CCF5ABCB1B371B27004E3A31 /* Products */;
			projectDirPath = "";
			projectRoot = "";
			targets = (
				CCF5ABC91B371B27004E3A31 /* SOProtocols(Lesson7) */,
				CCF5ABE21B371B27004E3A31 /* SOProtocols(Lesson7)Tests */,
			);
		};
/* End PBXProject section */

/* Begin PBXResourcesBuildPhase section */
		CCF5ABC81B371B27004E3A31 /* Resources */ = {
			isa = PBXResourcesBuildPhase;
			buildActionMask = 2147483647;
			files = (
				CCF5ABD91B371B27004E3A31 /* Main.storyboard in Resources */,
				CC1861A91B3DB8F200DC728A /* gitignore in Resources */,
				CCF5ABDE1B371B27004E3A31 /* LaunchScreen.xib in Resources */,
				CCF5ABDB1B371B27004E3A31 /* Images.xcassets in Resources */,
			);
			runOnlyForDeploymentPostprocessing = 0;
		};
		CCF5ABE11B371B27004E3A31 /* Resources */ = {
			isa = PBXResourcesBuildPhase;
			buildActionMask = 2147483647;
			files = (
			);
			runOnlyForDeploymentPostprocessing = 0;
		};
/* End PBXResourcesBuildPhase section */

/* Begin PBXSourcesBuildPhase section */
		CCF5ABC61B371B27004E3A31 /* Sources */ = {
			isa = PBXSourcesBuildPhase;
			buildActionMask = 2147483647;
			files = (
				CC1861A41B3DA53600DC728A /* SOBicycler.m in Sources */,
				CCF5ABD61B371B27004E3A31 /* ViewController.m in Sources */,
				CC1861A61B3DA53600DC728A /* SORunner.m in Sources */,
				CC1861A31B3DA53600DC728A /* SORabbit.m in Sources */,
				CC1861A71B3DA53600DC728A /* SOSwimmer.m in Sources */,
				CC1861A21B3DA53600DC728A /* SODog.m in Sources */,
				CC1861A11B3DA53600DC728A /* SOAnimal.m in Sources */,
				CCF5ABD31B371B27004E3A31 /* AppDelegate.m in Sources */,
				CCF5ABD01B371B27004E3A31 /* main.m in Sources */,
				CC1861A51B3DA53600DC728A /* SOHuman.m in Sources */,
			);
			runOnlyForDeploymentPostprocessing = 0;
		};
		CCF5ABDF1B371B27004E3A31 /* Sources */ = {
			isa = PBXSourcesBuildPhase;
			buildActionMask = 2147483647;
			files = (
				CCF5ABEA1B371B27004E3A31 /* SOProtocols_Lesson7_Tests.m in Sources */,
			);
			runOnlyForDeploymentPostprocessing = 0;
		};
/* End PBXSourcesBuildPhase section */

/* Begin PBXTargetDependency section */
		CCF5ABE51B371B27004E3A31 /* PBXTargetDependency */ = {
			isa = PBXTargetDependency;
			target = CCF5ABC91B371B27004E3A31 /* SOProtocols(Lesson7) */;
			targetProxy = CCF5ABE41B371B27004E3A31 /* PBXContainerItemProxy */;
		};
/* End PBXTargetDependency section */

/* Begin PBXVariantGroup section */
		CCF5ABD71B371B27004E3A31 /* Main.storyboard */ = {
			isa = PBXVariantGroup;
			children = (
				CCF5ABD81B371B27004E3A31 /* Base */,
			);
			name = Main.storyboard;
			sourceTree = "<group>";
		};
		CCF5ABDC1B371B27004E3A31 /* LaunchScreen.xib */ = {
			isa = PBXVariantGroup;
			children = (
				CCF5ABDD1B371B27004E3A31 /* Base */,
			);
			name = LaunchScreen.xib;
			sourceTree = "<group>";
		};
/* End PBXVariantGroup section */

/* Begin XCBuildConfiguration section */
		CCF5ABEB1B371B27004E3A31 /* Debug */ = {
			isa = XCBuildConfiguration;
			buildSettings = {
				ALWAYS_SEARCH_USER_PATHS = NO;
				CLANG_CXX_LANGUAGE_STANDARD = "gnu++0x";
				CLANG_CXX_LIBRARY = "libc++";
				CLANG_ENABLE_MODULES = YES;
				CLANG_ENABLE_OBJC_ARC = YES;
				CLANG_WARN_BOOL_CONVERSION = YES;
				CLANG_WARN_CONSTANT_CONVERSION = YES;
				CLANG_WARN_DIRECT_OBJC_ISA_USAGE = YES_ERROR;
				CLANG_WARN_EMPTY_BODY = YES;
				CLANG_WARN_ENUM_CONVERSION = YES;
				CLANG_WARN_INT_CONVERSION = YES;
				CLANG_WARN_OBJC_ROOT_CLASS = YES_ERROR;
				CLANG_WARN_UNREACHABLE_CODE = YES;
				CLANG_WARN__DUPLICATE_METHOD_MATCH = YES;
				"CODE_SIGN_IDENTITY[sdk=iphoneos*]" = "iPhone Developer";
				COPY_PHASE_STRIP = NO;
				DEBUG_INFORMATION_FORMAT = "dwarf-with-dsym";
				ENABLE_STRICT_OBJC_MSGSEND = YES;
				GCC_C_LANGUAGE_STANDARD = gnu99;
				GCC_DYNAMIC_NO_PIC = NO;
				GCC_NO_COMMON_BLOCKS = YES;
				GCC_OPTIMIZATION_LEVEL = 0;
				GCC_PREPROCESSOR_DEFINITIONS = (
					"DEBUG=1",
					"$(inherited)",
				);
				GCC_SYMBOLS_PRIVATE_EXTERN = NO;
				GCC_WARN_64_TO_32_BIT_CONVERSION = YES;
				GCC_WARN_ABOUT_RETURN_TYPE = YES_ERROR;
				GCC_WARN_UNDECLARED_SELECTOR = YES;
				GCC_WARN_UNINITIALIZED_AUTOS = YES_AGGRESSIVE;
				GCC_WARN_UNUSED_FUNCTION = YES;
				GCC_WARN_UNUSED_VARIABLE = YES;
				IPHONEOS_DEPLOYMENT_TARGET = 8.3;
				MTL_ENABLE_DEBUG_INFO = YES;
				ONLY_ACTIVE_ARCH = YES;
				SDKROOT = iphoneos;
				TARGETED_DEVICE_FAMILY = "1,2";
			};
			name = Debug;
		};
		CCF5ABEC1B371B27004E3A31 /* Release */ = {
			isa = XCBuildConfiguration;
			buildSettings = {
				ALWAYS_SEARCH_USER_PATHS = NO;
				CLANG_CXX_LANGUAGE_STANDARD = "gnu++0x";
				CLANG_CXX_LIBRARY = "libc++";
				CLANG_ENABLE_MODULES = YES;
				CLANG_ENABLE_OBJC_ARC = YES;
				CLANG_WARN_BOOL_CONVERSION = YES;
				CLANG_WARN_CONSTANT_CONVERSION = YES;
				CLANG_WARN_DIRECT_OBJC_ISA_USAGE = YES_ERROR;
				CLANG_WARN_EMPTY_BODY = YES;
				CLANG_WARN_ENUM_CONVERSION = YES;
				CLANG_WARN_INT_CONVERSION = YES;
				CLANG_WARN_OBJC_ROOT_CLASS = YES_ERROR;
				CLANG_WARN_UNREACHABLE_CODE = YES;
				CLANG_WARN__DUPLICATE_METHOD_MATCH = YES;
				"CODE_SIGN_IDENTITY[sdk=iphoneos*]" = "iPhone Developer";
				COPY_PHASE_STRIP = NO;
				DEBUG_INFORMATION_FORMAT = "dwarf-with-dsym";
				ENABLE_NS_ASSERTIONS = NO;
				ENABLE_STRICT_OBJC_MSGSEND = YES;
				GCC_C_LANGUAGE_STANDARD = gnu99;
				GCC_NO_COMMON_BLOCKS = YES;
				GCC_WARN_64_TO_32_BIT_CONVERSION = YES;
				GCC_WARN_ABOUT_RETURN_TYPE = YES_ERROR;
				GCC_WARN_UNDECLARED_SELECTOR = YES;
				GCC_WARN_UNINITIALIZED_AUTOS = YES_AGGRESSIVE;
				GCC_WARN_UNUSED_FUNCTION = YES;
				GCC_WARN_UNUSED_VARIABLE = YES;
				IPHONEOS_DEPLOYMENT_TARGET = 8.3;
				MTL_ENABLE_DEBUG_INFO = NO;
				SDKROOT = iphoneos;
				TARGETED_DEVICE_FAMILY = "1,2";
				VALIDATE_PRODUCT = YES;
			};
			name = Release;
		};
		CCF5ABEE1B371B27004E3A31 /* Debug */ = {
			isa = XCBuildConfiguration;
			buildSettings = {
				ASSETCATALOG_COMPILER_APPICON_NAME = AppIcon;
				INFOPLIST_FILE = "SOProtocols(Lesson7)/Info.plist";
				LD_RUNPATH_SEARCH_PATHS = "$(inherited) @executable_path/Frameworks";
				PRODUCT_NAME = "$(TARGET_NAME)";
			};
			name = Debug;
		};
		CCF5ABEF1B371B27004E3A31 /* Release */ = {
			isa = XCBuildConfiguration;
			buildSettings = {
				ASSETCATALOG_COMPILER_APPICON_NAME = AppIcon;
				INFOPLIST_FILE = "SOProtocols(Lesson7)/Info.plist";
				LD_RUNPATH_SEARCH_PATHS = "$(inherited) @executable_path/Frameworks";
				PRODUCT_NAME = "$(TARGET_NAME)";
			};
			name = Release;
		};
		CCF5ABF11B371B27004E3A31 /* Debug */ = {
			isa = XCBuildConfiguration;
			buildSettings = {
				BUNDLE_LOADER = "$(TEST_HOST)";
				FRAMEWORK_SEARCH_PATHS = (
					"$(SDKROOT)/Developer/Library/Frameworks",
					"$(inherited)",
				);
				GCC_PREPROCESSOR_DEFINITIONS = (
					"DEBUG=1",
					"$(inherited)",
				);
				INFOPLIST_FILE = "SOProtocols(Lesson7)Tests/Info.plist";
				LD_RUNPATH_SEARCH_PATHS = "$(inherited) @executable_path/Frameworks @loader_path/Frameworks";
				PRODUCT_NAME = "$(TARGET_NAME)";
				TEST_HOST = "$(BUILT_PRODUCTS_DIR)/SOProtocols(Lesson7).app/SOProtocols(Lesson7)";
			};
			name = Debug;
		};
		CCF5ABF21B371B27004E3A31 /* Release */ = {
			isa = XCBuildConfiguration;
			buildSettings = {
				BUNDLE_LOADER = "$(TEST_HOST)";
				FRAMEWORK_SEARCH_PATHS = (
					"$(SDKROOT)/Developer/Library/Frameworks",
					"$(inherited)",
				);
				INFOPLIST_FILE = "SOProtocols(Lesson7)Tests/Info.plist";
				LD_RUNPATH_SEARCH_PATHS = "$(inherited) @executable_path/Frameworks @loader_path/Frameworks";
				PRODUCT_NAME = "$(TARGET_NAME)";
				TEST_HOST = "$(BUILT_PRODUCTS_DIR)/SOProtocols(Lesson7).app/SOProtocols(Lesson7)";
			};
			name = Release;
		};
/* End XCBuildConfiguration section */

/* Begin XCConfigurationList section */
		CCF5ABC51B371B27004E3A31 /* Build configuration list for PBXProject "SOProtocols(Lesson7)" */ = {
			isa = XCConfigurationList;
			buildConfigurations = (
				CCF5ABEB1B371B27004E3A31 /* Debug */,
				CCF5ABEC1B371B27004E3A31 /* Release */,
			);
			defaultConfigurationIsVisible = 0;
			defaultConfigurationName = Release;
		};
		CCF5ABED1B371B27004E3A31 /* Build configuration list for PBXNativeTarget "SOProtocols(Lesson7)" */ = {
			isa = XCConfigurationList;
			buildConfigurations = (
				CCF5ABEE1B371B27004E3A31 /* Debug */,
				CCF5ABEF1B371B27004E3A31 /* Release */,
			);
			defaultConfigurationIsVisible = 0;
			defaultConfigurationName = Release;
		};
		CCF5ABF01B371B27004E3A31 /* Build configuration list for PBXNativeTarget "SOProtocols(Lesson7)Tests" */ = {
			isa = XCConfigurationList;
			buildConfigurations = (
				CCF5ABF11B371B27004E3A31 /* Debug */,
				CCF5ABF21B371B27004E3A31 /* Release */,
			);
			defaultConfigurationIsVisible = 0;
			defaultConfigurationName = Release;
		};
/* End XCConfigurationList section */
	};
	rootObject = CCF5ABC21B371B27004E3A31 /* Project object */;
}
